# This file is automatically @generated by Poetry 1.5.0 and should not be changed by hand.

[[package]]
name = "pypdf"
version = "4.3.1"
description = "A pure-python PDF library capable of splitting, merging, cropping, and transforming PDF files"
optional = false
python-versions = ">=3.6"
files = [
    {file = "pypdf-4.3.1-py3-none-any.whl", hash = "sha256:64b31da97eda0771ef22edb1bfecd5deee4b72c3d1736b7df2689805076d6418"},
    {file = "pypdf-4.3.1.tar.gz", hash = "sha256:b2f37fe9a3030aa97ca86067a56ba3f9d3565f9a791b305c7355d8392c30d91b"},
]

[package.extras]
crypto = ["PyCryptodome", "cryptography"]
dev = ["black", "flit", "pip-tools", "pre-commit (<2.18.0)", "pytest-cov", "pytest-socket", "pytest-timeout", "pytest-xdist", "wheel"]
docs = ["myst_parser", "sphinx", "sphinx_rtd_theme"]
full = ["Pillow (>=8.0.0)", "PyCryptodome", "cryptography"]
image = ["Pillow (>=8.0.0)"]

[metadata]
lock-version = "2.0"
python-versions = "^3.11"
content-hash = "9de05cb5bd3c3a0824e6167ed41b160f2b42425274aa639fdde16b4243064f61"
